
Microsoft Visual Studio Solution File, Format Version 12.00
# Visual Studio Version 17
VisualStudioVersion = 17.7.34018.315
MinimumVisualStudioVersion = 10.0.40219.1
Project("{FAE04EC0-301F-11D3-BF4B-00C04F79EFBC}") = "javascript_restaurant", "javascript_restaurant\javascript_restaurant.csproj", "{104DAAD2-4EE6-4B0E-9DA2-66A9CFD6CF16}"
EndProject
Global
	GlobalSection(SolutionConfigurationPlatforms) = preSolution
		Debug|Any CPU = Debug|Any CPU
		Release|Any CPU = Release|Any CPU
	EndGlobalSection
	GlobalSection(ProjectConfigurationPlatforms) = postSolution
		{104DAAD2-4EE6-4B0E-9DA2-66A9CFD6CF16}.Debug|Any CPU.ActiveCfg = Debug|Any CPU
		{104DAAD2-4EE6-4B0E-9DA2-66A9CFD6CF16}.Debug|Any CPU.Build.0 = Debug|Any CPU
		{104DAAD2-4EE6-4B0E-9DA2-66A9CFD6CF16}.Release|Any CPU.ActiveCfg = Release|Any CPU
		{104DAAD2-4EE6-4B0E-9DA2-66A9CFD6CF16}.Release|Any CPU.Build.0 = Release|Any CPU
	EndGlobalSection
	GlobalSection(SolutionProperties) = preSolution
		HideSolutionNode = FALSE
	EndGlobalSection
	GlobalSection(ExtensibilityGlobals) = postSolution
		SolutionGuid = {525E48D5-E64A-4FF0-9B01-885E649C1EFC}
	EndGlobalSection
EndGlobal
